
Microsoft Visual Studio Solution File, Format Version 11.00
# Visual Studio 2010
Project("{8BC9CEB8-8B4A-11D0-8D11-00A0C91BC942}") = "mario", "mario\mario.vcxproj", "{199D28C4-02E7-442F-BC92-565841F1DEEC}"
EndProject
Global
	GlobalSection(SolutionConfigurationPlatforms) = preSolution
		Debug|Win32 = Debug|Win32
		Release|Win32 = Release|Win32
	EndGlobalSection
	GlobalSection(ProjectConfigurationPlatforms) = postSolution
		{199D28C4-02E7-442F-BC92-565841F1DEEC}.Debug|Win32.ActiveCfg = Debug|Win32
		{199D28C4-02E7-442F-BC92-565841F1DEEC}.Debug|Win32.Build.0 = Debug|Win32
		{199D28C4-02E7-442F-BC92-565841F1DEEC}.Release|Win32.ActiveCfg = Release|Win32
		{199D28C4-02E7-442F-BC92-565841F1DEEC}.Release|Win32.Build.0 = Release|Win32
	EndGlobalSection
	GlobalSection(SolutionProperties) = preSolution
		HideSolutionNode = FALSE
	EndGlobalSection
EndGlobal
